
Microsoft Visual Studio Solution File, Format Version 12.00
# Visual Studio 15
VisualStudioVersion = 15.0.28010.0
MinimumVisualStudioVersion = 10.0.40219.1
Project("{FAE04EC0-301F-11D3-BF4B-00C04F79EFBC}") = "Core", "Core\Core.csproj", "{0A931537-78AD-4DD0-970A-8DCFAAF418F3}"
EndProject
Project("{FAE04EC0-301F-11D3-BF4B-00C04F79EFBC}") = "TestProgram", "TestProgram\TestProgram.csproj", "{F7747EC9-AA39-4961-9115-373D29D97FB0}"
EndProject
Global
	GlobalSection(SolutionConfigurationPlatforms) = preSolution
		Debug|Any CPU = Debug|Any CPU
		Release|Any CPU = Release|Any CPU
	EndGlobalSection
	GlobalSection(ProjectConfigurationPlatforms) = postSolution
		{0A931537-78AD-4DD0-970A-8DCFAAF418F3}.Debug|Any CPU.ActiveCfg = Debug|Any CPU
		{0A931537-78AD-4DD0-970A-8DCFAAF418F3}.Debug|Any CPU.Build.0 = Debug|Any CPU
		{0A931537-78AD-4DD0-970A-8DCFAAF418F3}.Release|Any CPU.ActiveCfg = Release|Any CPU
		{0A931537-78AD-4DD0-970A-8DCFAAF418F3}.Release|Any CPU.Build.0 = Release|Any CPU
		{F7747EC9-AA39-4961-9115-373D29D97FB0}.Debug|Any CPU.ActiveCfg = Debug|Any CPU
		{F7747EC9-AA39-4961-9115-373D29D97FB0}.Debug|Any CPU.Build.0 = Debug|Any CPU
		{F7747EC9-AA39-4961-9115-373D29D97FB0}.Release|Any CPU.ActiveCfg = Release|Any CPU
		{F7747EC9-AA39-4961-9115-373D29D97FB0}.Release|Any CPU.Build.0 = Release|Any CPU
	EndGlobalSection
	GlobalSection(SolutionProperties) = preSolution
		HideSolutionNode = FALSE
	EndGlobalSection
	GlobalSection(ExtensibilityGlobals) = postSolution
		SolutionGuid = {FAA7EEF9-A3C8-4501-83F6-2FCE8A3126A0}
	EndGlobalSection
EndGlobal
